
Microsoft Visual Studio Solution File, Format Version 12.00
# Visual Studio Version 17
VisualStudioVersion = 17.6.33717.318
MinimumVisualStudioVersion = 10.0.40219.1
Project("{FAE04EC0-301F-11D3-BF4B-00C04F79EFBC}") = "dofaMarketForm", "dofaMarketForm.csproj", "{3B49644A-94CC-4A0F-9EEB-7E4A533CF95C}"
EndProject
Global
	GlobalSection(SolutionConfigurationPlatforms) = preSolution
		Debug|Any CPU = Debug|Any CPU
		Release|Any CPU = Release|Any CPU
	EndGlobalSection
	GlobalSection(ProjectConfigurationPlatforms) = postSolution
		{3B49644A-94CC-4A0F-9EEB-7E4A533CF95C}.Debug|Any CPU.ActiveCfg = Debug|Any CPU
		{3B49644A-94CC-4A0F-9EEB-7E4A533CF95C}.Debug|Any CPU.Build.0 = Debug|Any CPU
		{3B49644A-94CC-4A0F-9EEB-7E4A533CF95C}.Release|Any CPU.ActiveCfg = Release|Any CPU
		{3B49644A-94CC-4A0F-9EEB-7E4A533CF95C}.Release|Any CPU.Build.0 = Release|Any CPU
	EndGlobalSection
	GlobalSection(SolutionProperties) = preSolution
		HideSolutionNode = FALSE
	EndGlobalSection
	GlobalSection(ExtensibilityGlobals) = postSolution
		SolutionGuid = {1AD6A282-7B3E-4235-91E2-10BB2CDD1D56}
	EndGlobalSection
EndGlobal
